// !$*UTF8*$!
{
	archiveVersion = 1;
	classes = {
	};
	objectVersion = 48;
	objects = {

/* Begin PBXBuildFile section */
		A901E0742054EA0500DA8825 /* main.cpp in Sources */ = {isa = PBXBuildFile; fileRef = A901E0732054EA0500DA8825 /* main.cpp */; };
		A901E07D205506F600DA8825 /* WordList.cpp in Sources */ = {isa = PBXBuildFile; fileRef = A901E07C205506F600DA8825 /* WordList.cpp */; };
		A901E0802055B34C00DA8825 /* Tokenizer.cpp in Sources */ = {isa = PBXBuildFile; fileRef = A901E07F2055B34C00DA8825 /* Tokenizer.cpp */; };
		A952D1F320588A6700258912 /* Decrypter.cpp in Sources */ = {isa = PBXBuildFile; fileRef = A952D1F220588A6700258912 /* Decrypter.cpp */; };
		A952D1F520588A6F00258912 /* Translator.cpp in Sources */ = {isa = PBXBuildFile; fileRef = A952D1F420588A6F00258912 /* Translator.cpp */; };
/* End PBXBuildFile section */

/* Begin PBXCopyFilesBuildPhase section */
		A901E06E2054EA0500DA8825 /* CopyFiles */ = {
			isa = PBXCopyFilesBuildPhase;
			buildActionMask = 2147483647;
			dstPath = /usr/share/man/man1/;
			dstSubfolderSpec = 0;
			files = (
			);
			runOnlyForDeploymentPostprocessing = 1;
		};
/* End PBXCopyFilesBuildPhase section */

/* Begin PBXFileReference section */
		A901E0702054EA0500DA8825 /* Cracked */ = {isa = PBXFileReference; explicitFileType = "compiled.mach-o.executable"; includeInIndex = 0; path = Cracked; sourceTree = BUILT_PRODUCTS_DIR; };
		A901E0732054EA0500DA8825 /* main.cpp */ = {isa = PBXFileReference; lastKnownFileType = sourcecode.cpp.cpp; path = main.cpp; sourceTree = "<group>"; };
		A901E07B2054EA3B00DA8825 /* MyHash.h */ = {isa = PBXFileReference; lastKnownFileType = sourcecode.c.h; path = MyHash.h; sourceTree = "<group>"; };
		A901E07C205506F600DA8825 /* WordList.cpp */ = {isa = PBXFileReference; lastKnownFileType = sourcecode.cpp.cpp; path = WordList.cpp; sourceTree = "<group>"; };
		A901E07E2055074500DA8825 /* provided.h */ = {isa = PBXFileReference; lastKnownFileType = sourcecode.c.h; path = provided.h; sourceTree = "<group>"; };
		A901E07F2055B34C00DA8825 /* Tokenizer.cpp */ = {isa = PBXFileReference; lastKnownFileType = sourcecode.cpp.cpp; path = Tokenizer.cpp; sourceTree = "<group>"; };
		A952D1F220588A6700258912 /* Decrypter.cpp */ = {isa = PBXFileReference; fileEncoding = 4; lastKnownFileType = sourcecode.cpp.cpp; path = Decrypter.cpp; sourceTree = "<group>"; };
		A952D1F420588A6F00258912 /* Translator.cpp */ = {isa = PBXFileReference; fileEncoding = 4; lastKnownFileType = sourcecode.cpp.cpp; path = Translator.cpp; sourceTree = "<group>"; };
/* End PBXFileReference section */

/* Begin PBXFrameworksBuildPhase section */
		A901E06D2054EA0500DA8825 /* Frameworks */ = {
			isa = PBXFrameworksBuildPhase;
			buildActionMask = 2147483647;
			files = (
			);
			runOnlyForDeploymentPostprocessing = 0;
		};
/* End PBXFrameworksBuildPhase section */

/* Begin PBXGroup section */
		A901E0672054EA0500DA8825 = {
			isa = PBXGroup;
			children = (
				A901E0722054EA0500DA8825 /* Cracked */,
				A901E0712054EA0500DA8825 /* Products */,
			);
			sourceTree = "<group>";
		};
		A901E0712054EA0500DA8825 /* Products */ = {
			isa = PBXGroup;
			children = (
				A901E0702054EA0500DA8825 /* Cracked */,
			);
			name = Products;
			sourceTree = "<group>";
		};
		A901E0722054EA0500DA8825 /* Cracked */ = {
			isa = PBXGroup;
			children = (
				A901E0732054EA0500DA8825 /* main.cpp */,
				A901E07B2054EA3B00DA8825 /* MyHash.h */,
				A901E07C205506F600DA8825 /* WordList.cpp */,
				A901E07E2055074500DA8825 /* provided.h */,
				A901E07F2055B34C00DA8825 /* Tokenizer.cpp */,
				A952D1F220588A6700258912 /* Decrypter.cpp */,
				A952D1F420588A6F00258912 /* Translator.cpp */,
			);
			path = Cracked;
			sourceTree = "<group>";
		};
/* End PBXGroup section */

/* Begin PBXNativeTarget section */
		A901E06F2054EA0500DA8825 /* Cracked */ = {
			isa = PBXNativeTarget;
			buildConfigurationList = A901E0772054EA0500DA8825 /* Build configuration list for PBXNativeTarget "Cracked" */;
			buildPhases = (
				A901E06C2054EA0500DA8825 /* Sources */,
				A901E06D2054EA0500DA8825 /* Frameworks */,
				A901E06E2054EA0500DA8825 /* CopyFiles */,
			);
			buildRules = (
			);
			dependencies = (
			);
			name = Cracked;
			productName = Cracked;
			productReference = A901E0702054EA0500DA8825 /* Cracked */;
			productType = "com.apple.product-type.tool";
		};
/* End PBXNativeTarget section */

/* Begin PBXProject section */
		A901E0682054EA0500DA8825 /* Project object */ = {
			isa = PBXProject;
			attributes = {
				LastUpgradeCheck = 0920;
				ORGANIZATIONNAME = "Zhengfu Ding";
				TargetAttributes = {
					A901E06F2054EA0500DA8825 = {
						CreatedOnToolsVersion = 9.2;
						ProvisioningStyle = Automatic;
					};
				};
			};
			buildConfigurationList = A901E06B2054EA0500DA8825 /* Build configuration list for PBXProject "Cracked" */;
			compatibilityVersion = "Xcode 8.0";
			developmentRegion = en;
			hasScannedForEncodings = 0;
			knownRegions = (
				en,
			);
			mainGroup = A901E0672054EA0500DA8825;
			productRefGroup = A901E0712054EA0500DA8825 /* Products */;
			projectDirPath = "";
			projectRoot = "";
			targets = (
				A901E06F2054EA0500DA8825 /* Cracked */,
			);
		};
/* End PBXProject section */

/* Begin PBXSourcesBuildPhase section */
		A901E06C2054EA0500DA8825 /* Sources */ = {
			isa = PBXSourcesBuildPhase;
			buildActionMask = 2147483647;
			files = (
				A952D1F320588A6700258912 /* Decrypter.cpp in Sources */,
				A952D1F520588A6F00258912 /* Translator.cpp in Sources */,
				A901E0802055B34C00DA8825 /* Tokenizer.cpp in Sources */,
				A901E0742054EA0500DA8825 /* main.cpp in Sources */,
				A901E07D205506F600DA8825 /* WordList.cpp in Sources */,
			);
			runOnlyForDeploymentPostprocessing = 0;
		};
/* End PBXSourcesBuildPhase section */

/* Begin XCBuildConfiguration section */
		A901E0752054EA0500DA8825 /* Debug */ = {
			isa = XCBuildConfiguration;
			buildSettings = {
				ALWAYS_SEARCH_USER_PATHS = NO;
				CLANG_ANALYZER_NONNULL = YES;
				CLANG_ANALYZER_NUMBER_OBJECT_CONVERSION = YES_AGGRESSIVE;
				CLANG_CXX_LANGUAGE_STANDARD = "gnu++14";
				CLANG_CXX_LIBRARY = "libc++";
				CLANG_ENABLE_MODULES = YES;
				CLANG_ENABLE_OBJC_ARC = YES;
				CLANG_WARN_BLOCK_CAPTURE_AUTORELEASING = YES;
				CLANG_WARN_BOOL_CONVERSION = YES;
				CLANG_WARN_COMMA = YES;
				CLANG_WARN_CONSTANT_CONVERSION = YES;
				CLANG_WARN_DIRECT_OBJC_ISA_USAGE = YES_ERROR;
				CLANG_WARN_DOCUMENTATION_COMMENTS = YES;
				CLANG_WARN_EMPTY_BODY = YES;
				CLANG_WARN_ENUM_CONVERSION = YES;
				CLANG_WARN_INFINITE_RECURSION = YES;
				CLANG_WARN_INT_CONVERSION = YES;
				CLANG_WARN_NON_LITERAL_NULL_CONVERSION = YES;
				CLANG_WARN_OBJC_LITERAL_CONVERSION = YES;
				CLANG_WARN_OBJC_ROOT_CLASS = YES_ERROR;
				CLANG_WARN_RANGE_LOOP_ANALYSIS = YES;
				CLANG_WARN_STRICT_PROTOTYPES = YES;
				CLANG_WARN_SUSPICIOUS_MOVE = YES;
				CLANG_WARN_UNGUARDED_AVAILABILITY = YES_AGGRESSIVE;
				CLANG_WARN_UNREACHABLE_CODE = YES;
				CLANG_WARN__DUPLICATE_METHOD_MATCH = YES;
				CODE_SIGN_IDENTITY = "-";
				COPY_PHASE_STRIP = NO;
				DEBUG_INFORMATION_FORMAT = dwarf;
				ENABLE_STRICT_OBJC_MSGSEND = YES;
				ENABLE_TESTABILITY = YES;
				GCC_C_LANGUAGE_STANDARD = gnu11;
				GCC_DYNAMIC_NO_PIC = NO;
				GCC_NO_COMMON_BLOCKS = YES;
				GCC_OPTIMIZATION_LEVEL = 0;
				GCC_PREPROCESSOR_DEFINITIONS = (
					"DEBUG=1",
					"$(inherited)",
				);
				GCC_WARN_64_TO_32_BIT_CONVERSION = YES;
				GCC_WARN_ABOUT_RETURN_TYPE = YES_ERROR;
				GCC_WARN_UNDECLARED_SELECTOR = YES;
				GCC_WARN_UNINITIALIZED_AUTOS = YES_AGGRESSIVE;
				GCC_WARN_UNUSED_FUNCTION = YES;
				GCC_WARN_UNUSED_VARIABLE = YES;
				MACOSX_DEPLOYMENT_TARGET = 10.13;
				MTL_ENABLE_DEBUG_INFO = YES;
				ONLY_ACTIVE_ARCH = YES;
				SDKROOT = macosx;
			};
			name = Debug;
		};
		A901E0762054EA0500DA8825 /* Release */ = {
			isa = XCBuildConfiguration;
			buildSettings = {
				ALWAYS_SEARCH_USER_PATHS = NO;
				CLANG_ANALYZER_NONNULL = YES;
				CLANG_ANALYZER_NUMBER_OBJECT_CONVERSION = YES_AGGRESSIVE;
				CLANG_CXX_LANGUAGE_STANDARD = "gnu++14";
				CLANG_CXX_LIBRARY = "libc++";
				CLANG_ENABLE_MODULES = YES;
				CLANG_ENABLE_OBJC_ARC = YES;
				CLANG_WARN_BLOCK_CAPTURE_AUTORELEASING = YES;
				CLANG_WARN_BOOL_CONVERSION = YES;
				CLANG_WARN_COMMA = YES;
				CLANG_WARN_CONSTANT_CONVERSION = YES;
				CLANG_WARN_DIRECT_OBJC_ISA_USAGE = YES_ERROR;
				CLANG_WARN_DOCUMENTATION_COMMENTS = YES;
				CLANG_WARN_EMPTY_BODY = YES;
				CLANG_WARN_ENUM_CONVERSION = YES;
				CLANG_WARN_INFINITE_RECURSION = YES;
				CLANG_WARN_INT_CONVERSION = YES;
				CLANG_WARN_NON_LITERAL_NULL_CONVERSION = YES;
				CLANG_WARN_OBJC_LITERAL_CONVERSION = YES;
				CLANG_WARN_OBJC_ROOT_CLASS = YES_ERROR;
				CLANG_WARN_RANGE_LOOP_ANALYSIS = YES;
				CLANG_WARN_STRICT_PROTOTYPES = YES;
				CLANG_WARN_SUSPICIOUS_MOVE = YES;
				CLANG_WARN_UNGUARDED_AVAILABILITY = YES_AGGRESSIVE;
				CLANG_WARN_UNREACHABLE_CODE = YES;
				CLANG_WARN__DUPLICATE_METHOD_MATCH = YES;
				CODE_SIGN_IDENTITY = "-";
				COPY_PHASE_STRIP = NO;
				DEBUG_INFORMATION_FORMAT = "dwarf-with-dsym";
				ENABLE_NS_ASSERTIONS = NO;
				ENABLE_STRICT_OBJC_MSGSEND = YES;
				GCC_C_LANGUAGE_STANDARD = gnu11;
				GCC_NO_COMMON_BLOCKS = YES;
				GCC_WARN_64_TO_32_BIT_CONVERSION = YES;
				GCC_WARN_ABOUT_RETURN_TYPE = YES_ERROR;
				GCC_WARN_UNDECLARED_SELECTOR = YES;
				GCC_WARN_UNINITIALIZED_AUTOS = YES_AGGRESSIVE;
				GCC_WARN_UNUSED_FUNCTION = YES;
				GCC_WARN_UNUSED_VARIABLE = YES;
				MACOSX_DEPLOYMENT_TARGET = 10.13;
				MTL_ENABLE_DEBUG_INFO = NO;
				SDKROOT = macosx;
			};
			name = Release;
		};
		A901E0782054EA0500DA8825 /* Debug */ = {
			isa = XCBuildConfiguration;
			buildSettings = {
				CODE_SIGN_STYLE = Automatic;
				PRODUCT_NAME = "$(TARGET_NAME)";
			};
			name = Debug;
		};
		A901E0792054EA0500DA8825 /* Release */ = {
			isa = XCBuildConfiguration;
			buildSettings = {
				CODE_SIGN_STYLE = Automatic;
				PRODUCT_NAME = "$(TARGET_NAME)";
			};
			name = Release;
		};
/* End XCBuildConfiguration section */

/* Begin XCConfigurationList section */
		A901E06B2054EA0500DA8825 /* Build configuration list for PBXProject "Cracked" */ = {
			isa = XCConfigurationList;
			buildConfigurations = (
				A901E0752054EA0500DA8825 /* Debug */,
				A901E0762054EA0500DA8825 /* Release */,
			);
			defaultConfigurationIsVisible = 0;
			defaultConfigurationName = Release;
		};
		A901E0772054EA0500DA8825 /* Build configuration list for PBXNativeTarget "Cracked" */ = {
			isa = XCConfigurationList;
			buildConfigurations = (
				A901E0782054EA0500DA8825 /* Debug */,
				A901E0792054EA0500DA8825 /* Release */,
			);
			defaultConfigurationIsVisible = 0;
			defaultConfigurationName = Release;
		};
/* End XCConfigurationList section */
	};
	rootObject = A901E0682054EA0500DA8825 /* Project object */;
}
